
Microsoft Visual Studio Solution File, Format Version 12.00
Project("{FAE04EC0-301F-11D3-BF4B-00C04F79EFBC}") = "HRtoVRChat_OSC", "HRtoVRChat_OSC\HRtoVRChat_OSC.csproj", "{E35A03F8-CBC0-46D5-B61B-2AEE78D944CF}"
EndProject
Project("{FAE04EC0-301F-11D3-BF4B-00C04F79EFBC}") = "HRtoVRChat_OSC_SDK", "HRtoVRChat_OSC_SDK\HRtoVRChat_OSC_SDK.csproj", "{40837AAC-12E0-4D15-A37C-C4D7C1AC3012}"
EndProject
Project("{FAE04EC0-301F-11D3-BF4B-00C04F79EFBC}") = "HRtoVRChat", "HRtoVRChat\HRtoVRChat.csproj", "{CD784F02-34DB-445F-BCC6-AD5BE68D7991}"
EndProject
Global
	GlobalSection(SolutionConfigurationPlatforms) = preSolution
		Debug|Any CPU = Debug|Any CPU
		Release|Any CPU = Release|Any CPU
	EndGlobalSection
	GlobalSection(ProjectConfigurationPlatforms) = postSolution
		{E35A03F8-CBC0-46D5-B61B-2AEE78D944CF}.Debug|Any CPU.ActiveCfg = Debug|Any CPU
		{E35A03F8-CBC0-46D5-B61B-2AEE78D944CF}.Debug|Any CPU.Build.0 = Debug|Any CPU
		{E35A03F8-CBC0-46D5-B61B-2AEE78D944CF}.Release|Any CPU.ActiveCfg = Release|Any CPU
		{E35A03F8-CBC0-46D5-B61B-2AEE78D944CF}.Release|Any CPU.Build.0 = Release|Any CPU
		{F94466F6-1030-404D-9F95-D64F85A827E7}.Debug|Any CPU.ActiveCfg = Debug|Any CPU
		{F94466F6-1030-404D-9F95-D64F85A827E7}.Debug|Any CPU.Build.0 = Debug|Any CPU
		{F94466F6-1030-404D-9F95-D64F85A827E7}.Release|Any CPU.ActiveCfg = Release|Any CPU
		{F94466F6-1030-404D-9F95-D64F85A827E7}.Release|Any CPU.Build.0 = Release|Any CPU
		{40837AAC-12E0-4D15-A37C-C4D7C1AC3012}.Debug|Any CPU.ActiveCfg = Debug|Any CPU
		{40837AAC-12E0-4D15-A37C-C4D7C1AC3012}.Debug|Any CPU.Build.0 = Debug|Any CPU
		{40837AAC-12E0-4D15-A37C-C4D7C1AC3012}.Release|Any CPU.ActiveCfg = Release|Any CPU
		{40837AAC-12E0-4D15-A37C-C4D7C1AC3012}.Release|Any CPU.Build.0 = Release|Any CPU
		{CD784F02-34DB-445F-BCC6-AD5BE68D7991}.Debug|Any CPU.ActiveCfg = Debug|Any CPU
		{CD784F02-34DB-445F-BCC6-AD5BE68D7991}.Debug|Any CPU.Build.0 = Debug|Any CPU
		{CD784F02-34DB-445F-BCC6-AD5BE68D7991}.Release|Any CPU.ActiveCfg = Release|Any CPU
		{CD784F02-34DB-445F-BCC6-AD5BE68D7991}.Release|Any CPU.Build.0 = Release|Any CPU
	EndGlobalSection
EndGlobal
